
Microsoft Visual Studio Solution File, Format Version 12.00
# Visual Studio 14
VisualStudioVersion = 14.0.25420.1
MinimumVisualStudioVersion = 10.0.40219.1
Project("{FAE04EC0-301F-11D3-BF4B-00C04F79EFBC}") = "ConsoleMvc", "ConsoleMvc\ConsoleMvc.csproj", "{725C9B18-C330-4F88-B82B-CD6F4756B15D}"
EndProject
Project("{FAE04EC0-301F-11D3-BF4B-00C04F79EFBC}") = "ConsoleMvc.Demo", "ConsoleMvc.Demo\ConsoleMvc.Demo.csproj", "{8418BF16-4A61-4DCB-9F96-03CC42D22470}"
EndProject
Global
	GlobalSection(SolutionConfigurationPlatforms) = preSolution
		Debug|Any CPU = Debug|Any CPU
		Release|Any CPU = Release|Any CPU
	EndGlobalSection
	GlobalSection(ProjectConfigurationPlatforms) = postSolution
		{725C9B18-C330-4F88-B82B-CD6F4756B15D}.Debug|Any CPU.ActiveCfg = Debug|Any CPU
		{725C9B18-C330-4F88-B82B-CD6F4756B15D}.Debug|Any CPU.Build.0 = Debug|Any CPU
		{725C9B18-C330-4F88-B82B-CD6F4756B15D}.Release|Any CPU.ActiveCfg = Release|Any CPU
		{725C9B18-C330-4F88-B82B-CD6F4756B15D}.Release|Any CPU.Build.0 = Release|Any CPU
		{8418BF16-4A61-4DCB-9F96-03CC42D22470}.Debug|Any CPU.ActiveCfg = Debug|Any CPU
		{8418BF16-4A61-4DCB-9F96-03CC42D22470}.Debug|Any CPU.Build.0 = Debug|Any CPU
		{8418BF16-4A61-4DCB-9F96-03CC42D22470}.Release|Any CPU.ActiveCfg = Release|Any CPU
		{8418BF16-4A61-4DCB-9F96-03CC42D22470}.Release|Any CPU.Build.0 = Release|Any CPU
	EndGlobalSection
	GlobalSection(SolutionProperties) = preSolution
		HideSolutionNode = FALSE
	EndGlobalSection
EndGlobal
